
Microsoft Visual Studio Solution File, Format Version 12.00
# Visual Studio Version 16
VisualStudioVersion = 16.0.31105.61
MinimumVisualStudioVersion = 10.0.40219.1
Project("{FAE04EC0-301F-11D3-BF4B-00C04F79EFBC}") = "WebApi", "WebApi\WebApi.csproj", "{140B4FC1-F685-4F81-BD30-61ABB20C90DB}"
EndProject
Global
	GlobalSection(SolutionConfigurationPlatforms) = preSolution
		Debug|Any CPU = Debug|Any CPU
		Release|Any CPU = Release|Any CPU
	EndGlobalSection
	GlobalSection(ProjectConfigurationPlatforms) = postSolution
		{140B4FC1-F685-4F81-BD30-61ABB20C90DB}.Debug|Any CPU.ActiveCfg = Debug|Any CPU
		{140B4FC1-F685-4F81-BD30-61ABB20C90DB}.Debug|Any CPU.Build.0 = Debug|Any CPU
		{140B4FC1-F685-4F81-BD30-61ABB20C90DB}.Release|Any CPU.ActiveCfg = Release|Any CPU
		{140B4FC1-F685-4F81-BD30-61ABB20C90DB}.Release|Any CPU.Build.0 = Release|Any CPU
	EndGlobalSection
	GlobalSection(SolutionProperties) = preSolution
		HideSolutionNode = FALSE
	EndGlobalSection
	GlobalSection(ExtensibilityGlobals) = postSolution
		SolutionGuid = {048131A2-CB2D-417A-9518-1C590AEAD8FD}
	EndGlobalSection
EndGlobal
